
Microsoft Visual Studio Solution File, Format Version 12.00
# Visual Studio Version 16
VisualStudioVersion = 16.0.31624.102
MinimumVisualStudioVersion = 10.0.40219.1
Project("{FAE04EC0-301F-11D3-BF4B-00C04F79EFBC}") = "ETicaret", "ETicaret\ETicaret.csproj", "{538855D7-088E-4F0F-B9AC-88EEBD0F78CF}"
EndProject
Global
	GlobalSection(SolutionConfigurationPlatforms) = preSolution
		Debug|Any CPU = Debug|Any CPU
		Release|Any CPU = Release|Any CPU
	EndGlobalSection
	GlobalSection(ProjectConfigurationPlatforms) = postSolution
		{538855D7-088E-4F0F-B9AC-88EEBD0F78CF}.Debug|Any CPU.ActiveCfg = Debug|Any CPU
		{538855D7-088E-4F0F-B9AC-88EEBD0F78CF}.Debug|Any CPU.Build.0 = Debug|Any CPU
		{538855D7-088E-4F0F-B9AC-88EEBD0F78CF}.Release|Any CPU.ActiveCfg = Release|Any CPU
		{538855D7-088E-4F0F-B9AC-88EEBD0F78CF}.Release|Any CPU.Build.0 = Release|Any CPU
	EndGlobalSection
	GlobalSection(SolutionProperties) = preSolution
		HideSolutionNode = FALSE
	EndGlobalSection
	GlobalSection(ExtensibilityGlobals) = postSolution
		SolutionGuid = {0053E1DC-7ABB-42FF-BBD4-0267292868EB}
	EndGlobalSection
EndGlobal
